
Microsoft Visual Studio Solution File, Format Version 12.00
# Visual Studio 15
VisualStudioVersion = 15.0.26730.12
MinimumVisualStudioVersion = 10.0.40219.1
Project("{2150E333-8FDC-42A3-9474-1A3956D46DE8}") = "Lab1", "Lab1", "{96B3CE53-AA77-4401-823E-ECDE7095369B}"
	ProjectSection(SolutionItems) = preProject
		Lab1page.html = Lab1page.html
	EndProjectSection
EndProject
Global
	GlobalSection(SolutionProperties) = preSolution
		HideSolutionNode = FALSE
	EndGlobalSection
	GlobalSection(ExtensibilityGlobals) = postSolution
		SolutionGuid = {1B27DFEF-048A-490A-8EB5-496199CCE984}
	EndGlobalSection
EndGlobal
